# THIS IS AN AUTOGENERATED FILE. DO NOT EDIT THIS FILE DIRECTLY.
# yarn lockfile v1


jquery@^3.5.1:
  version "3.5.1"
  resolved "https://registry.yarnpkg.com/jquery/-/jquery-3.5.1.tgz#d7b4d08e1bfdb86ad2f1a3d039ea17304717abb5"
  integrity sha512-XwIBPqcMn57FxfT+Go5pzySnm4KWkT1Tv7gjrpT1srtf8Weynl6R273VJ5GjkRb51IzMp5nbaPjJXMWeju2MKg==

pdfjs-dist@^2.4.456:
  version "2.4.456"
  resolved "https://registry.yarnpkg.com/pdfjs-dist/-/pdfjs-dist-2.4.456.tgz#0eaad2906cda866bbb393e79a0e5b4e68bd75520"
  integrity sha512-yckJEHq3F48hcp6wStEpbN9McOj328Ib09UrBlGAKxvN2k+qYPN5iq6TH6jD1C0pso7zTep+g/CKsYgdrQd5QA==

pdfobject@^2.1.1:
  version "2.1.1"
  resolved "https://registry.yarnpkg.com/pdfobject/-/pdfobject-2.1.1.tgz#2949d4d218d130d16b6149c7f7226f0a73400d4a"
  integrity sha512-QFktTHyjs4q/WhGFfV2RdAbscPdNkyQb/JfFz18cwILvs9ocDiYVFAEh/jgkKGv6my+r4nlbLjwj7BHFKAupHQ==
